
Microsoft Visual Studio Solution File, Format Version 12.00
# Visual Studio Version 17
VisualStudioVersion = 17.9.34723.18
MinimumVisualStudioVersion = 10.0.40219.1
Project("{F184B08F-C81C-45F6-A57F-5ABD9991F28F}") = "FumoStore", "FumoStore\FumoStore.vbproj", "{A05A1550-5F52-49E7-8EEA-97F4CE21547B}"
EndProject
Global
	GlobalSection(SolutionConfigurationPlatforms) = preSolution
		Debug|Any CPU = Debug|Any CPU
		Release|Any CPU = Release|Any CPU
	EndGlobalSection
	GlobalSection(ProjectConfigurationPlatforms) = postSolution
		{A05A1550-5F52-49E7-8EEA-97F4CE21547B}.Debug|Any CPU.ActiveCfg = Debug|Any CPU
		{A05A1550-5F52-49E7-8EEA-97F4CE21547B}.Debug|Any CPU.Build.0 = Debug|Any CPU
		{A05A1550-5F52-49E7-8EEA-97F4CE21547B}.Release|Any CPU.ActiveCfg = Release|Any CPU
		{A05A1550-5F52-49E7-8EEA-97F4CE21547B}.Release|Any CPU.Build.0 = Release|Any CPU
	EndGlobalSection
	GlobalSection(SolutionProperties) = preSolution
		HideSolutionNode = FALSE
	EndGlobalSection
	GlobalSection(ExtensibilityGlobals) = postSolution
		SolutionGuid = {5C6B8635-D966-47B9-B348-C4B9BFC49287}
	EndGlobalSection
EndGlobal
